
Microsoft Visual Studio Solution File, Format Version 12.00
# Visual Studio 15
VisualStudioVersion = 15.0.28307.1022
MinimumVisualStudioVersion = 10.0.40219.1
Project("{FAE04EC0-301F-11D3-BF4B-00C04F79EFBC}") = "EmployeeManagement.DAL", "EmployeeManagement.DAL\EmployeeManagement.DAL.csproj", "{EFF87622-98FA-4499-9AF2-5478CD224327}"
EndProject
Project("{FAE04EC0-301F-11D3-BF4B-00C04F79EFBC}") = "EmployeeManagement.Model", "EmployeeManagement.Model\EmployeeManagement.Model.csproj", "{60E5AC58-2841-4A96-A498-B36B30B92541}"
EndProject
Project("{FAE04EC0-301F-11D3-BF4B-00C04F79EFBC}") = "EmployeeManagement.API", "EmployeeManagement.API\EmployeeManagement.API.csproj", "{FD286EAD-35E8-4B37-B635-BE4EBF3ADFE7}"
EndProject
Project("{FAE04EC0-301F-11D3-BF4B-00C04F79EFBC}") = "EmployeeManagement.API.Tests", "EmployeeManagement.API.Tests\EmployeeManagement.API.Tests.csproj", "{C576696F-F6B0-48D2-9B12-9DB3988FB06B}"
EndProject
Project("{FAE04EC0-301F-11D3-BF4B-00C04F79EFBC}") = "EmployeeManagement.Business", "EmployeeManagement.Business\EmployeeManagement.Business.csproj", "{CC6F13D5-73BA-468B-9A30-4C902A321B32}"
EndProject
Project("{FAE04EC0-301F-11D3-BF4B-00C04F79EFBC}") = "EmployeeManagement.IBusiness", "EmployeeManagement.IBusiness\EmployeeManagement.IBusiness.csproj", "{D10EB4A8-D032-4B15-A73D-78FE31C4FDA5}"
EndProject
Project("{FAE04EC0-301F-11D3-BF4B-00C04F79EFBC}") = "EmployeeManagement.Business.Test", "EmployeeManagement.Business.Test\EmployeeManagement.Business.Test.csproj", "{3A4C3E79-CFC1-475F-BD7D-A0D8B9078227}"
EndProject
Global
	GlobalSection(SolutionConfigurationPlatforms) = preSolution
		Debug|Any CPU = Debug|Any CPU
		Release|Any CPU = Release|Any CPU
	EndGlobalSection
	GlobalSection(ProjectConfigurationPlatforms) = postSolution
		{EFF87622-98FA-4499-9AF2-5478CD224327}.Debug|Any CPU.ActiveCfg = Debug|Any CPU
		{EFF87622-98FA-4499-9AF2-5478CD224327}.Debug|Any CPU.Build.0 = Debug|Any CPU
		{EFF87622-98FA-4499-9AF2-5478CD224327}.Release|Any CPU.ActiveCfg = Release|Any CPU
		{EFF87622-98FA-4499-9AF2-5478CD224327}.Release|Any CPU.Build.0 = Release|Any CPU
		{60E5AC58-2841-4A96-A498-B36B30B92541}.Debug|Any CPU.ActiveCfg = Debug|Any CPU
		{60E5AC58-2841-4A96-A498-B36B30B92541}.Debug|Any CPU.Build.0 = Debug|Any CPU
		{60E5AC58-2841-4A96-A498-B36B30B92541}.Release|Any CPU.ActiveCfg = Release|Any CPU
		{60E5AC58-2841-4A96-A498-B36B30B92541}.Release|Any CPU.Build.0 = Release|Any CPU
		{FD286EAD-35E8-4B37-B635-BE4EBF3ADFE7}.Debug|Any CPU.ActiveCfg = Debug|Any CPU
		{FD286EAD-35E8-4B37-B635-BE4EBF3ADFE7}.Debug|Any CPU.Build.0 = Debug|Any CPU
		{FD286EAD-35E8-4B37-B635-BE4EBF3ADFE7}.Release|Any CPU.ActiveCfg = Release|Any CPU
		{FD286EAD-35E8-4B37-B635-BE4EBF3ADFE7}.Release|Any CPU.Build.0 = Release|Any CPU
		{C576696F-F6B0-48D2-9B12-9DB3988FB06B}.Debug|Any CPU.ActiveCfg = Debug|Any CPU
		{C576696F-F6B0-48D2-9B12-9DB3988FB06B}.Debug|Any CPU.Build.0 = Debug|Any CPU
		{C576696F-F6B0-48D2-9B12-9DB3988FB06B}.Release|Any CPU.ActiveCfg = Release|Any CPU
		{C576696F-F6B0-48D2-9B12-9DB3988FB06B}.Release|Any CPU.Build.0 = Release|Any CPU
		{CC6F13D5-73BA-468B-9A30-4C902A321B32}.Debug|Any CPU.ActiveCfg = Debug|Any CPU
		{CC6F13D5-73BA-468B-9A30-4C902A321B32}.Debug|Any CPU.Build.0 = Debug|Any CPU
		{CC6F13D5-73BA-468B-9A30-4C902A321B32}.Release|Any CPU.ActiveCfg = Release|Any CPU
		{CC6F13D5-73BA-468B-9A30-4C902A321B32}.Release|Any CPU.Build.0 = Release|Any CPU
		{D10EB4A8-D032-4B15-A73D-78FE31C4FDA5}.Debug|Any CPU.ActiveCfg = Debug|Any CPU
		{D10EB4A8-D032-4B15-A73D-78FE31C4FDA5}.Debug|Any CPU.Build.0 = Debug|Any CPU
		{D10EB4A8-D032-4B15-A73D-78FE31C4FDA5}.Release|Any CPU.ActiveCfg = Release|Any CPU
		{D10EB4A8-D032-4B15-A73D-78FE31C4FDA5}.Release|Any CPU.Build.0 = Release|Any CPU
		{3A4C3E79-CFC1-475F-BD7D-A0D8B9078227}.Debug|Any CPU.ActiveCfg = Debug|Any CPU
		{3A4C3E79-CFC1-475F-BD7D-A0D8B9078227}.Debug|Any CPU.Build.0 = Debug|Any CPU
		{3A4C3E79-CFC1-475F-BD7D-A0D8B9078227}.Release|Any CPU.ActiveCfg = Release|Any CPU
		{3A4C3E79-CFC1-475F-BD7D-A0D8B9078227}.Release|Any CPU.Build.0 = Release|Any CPU
	EndGlobalSection
	GlobalSection(SolutionProperties) = preSolution
		HideSolutionNode = FALSE
	EndGlobalSection
	GlobalSection(ExtensibilityGlobals) = postSolution
		SolutionGuid = {A623350F-8436-472C-8E96-F08BBB77C188}
	EndGlobalSection
EndGlobal
